// !$*UTF8*$!
{
	archiveVersion = 1;
	classes = {
	};
	objectVersion = 55;
	objects = {

/* Begin PBXBuildFile section */
		589428D429C0D0980009ADC0 /* MenuViewController.swift in Sources */ = {isa = PBXBuildFile; fileRef = 589428D329C0D0980009ADC0 /* MenuViewController.swift */; };
		58E80B7629C097AC00C3C137 /* AppDelegate.swift in Sources */ = {isa = PBXBuildFile; fileRef = 58E80B7529C097AC00C3C137 /* AppDelegate.swift */; };
		58E80B7829C097AC00C3C137 /* SceneDelegate.swift in Sources */ = {isa = PBXBuildFile; fileRef = 58E80B7729C097AC00C3C137 /* SceneDelegate.swift */; };
		58E80B7A29C097AC00C3C137 /* ViewController.swift in Sources */ = {isa = PBXBuildFile; fileRef = 58E80B7929C097AC00C3C137 /* ViewController.swift */; };
		58E80B7D29C097AC00C3C137 /* Main.storyboard in Resources */ = {isa = PBXBuildFile; fileRef = 58E80B7B29C097AC00C3C137 /* Main.storyboard */; };
		58E80B7F29C097AE00C3C137 /* Assets.xcassets in Resources */ = {isa = PBXBuildFile; fileRef = 58E80B7E29C097AE00C3C137 /* Assets.xcassets */; };
		58E80B8229C097AE00C3C137 /* LaunchScreen.storyboard in Resources */ = {isa = PBXBuildFile; fileRef = 58E80B8029C097AE00C3C137 /* LaunchScreen.storyboard */; };
		58E80B9229C0AD4600C3C137 /* FirebaseAuth in Frameworks */ = {isa = PBXBuildFile; productRef = 58E80B9129C0AD4600C3C137 /* FirebaseAuth */; };
		58E80B9629C0AF0300C3C137 /* RegisterViewController.swift in Sources */ = {isa = PBXBuildFile; fileRef = 58E80B9529C0AF0300C3C137 /* RegisterViewController.swift */; };
		58E80B9829C0B03000C3C137 /* Extensions.swift in Sources */ = {isa = PBXBuildFile; fileRef = 58E80B9729C0B03000C3C137 /* Extensions.swift */; };
		58E80B9D29C0B38100C3C137 /* JGProgressHUD in Frameworks */ = {isa = PBXBuildFile; productRef = 58E80B9C29C0B38100C3C137 /* JGProgressHUD */; };
		58E80B9F29C0B43300C3C137 /* DatabaseManager.swift in Sources */ = {isa = PBXBuildFile; fileRef = 58E80B9E29C0B43300C3C137 /* DatabaseManager.swift */; };
		58E80BA229C0B94900C3C137 /* FirebaseDatabase in Frameworks */ = {isa = PBXBuildFile; productRef = 58E80BA129C0B94900C3C137 /* FirebaseDatabase */; };
		58E80BA429C0B94900C3C137 /* FirebaseDatabaseSwift in Frameworks */ = {isa = PBXBuildFile; productRef = 58E80BA329C0B94900C3C137 /* FirebaseDatabaseSwift */; };
		58E80BA629C0BCB500C3C137 /* GoogleService-Info.plist in Resources */ = {isa = PBXBuildFile; fileRef = 58E80BA529C0BCB500C3C137 /* GoogleService-Info.plist */; };
		58E80BA829C0C27B00C3C137 /* Feed.storyboard in Resources */ = {isa = PBXBuildFile; fileRef = 58E80BA729C0C27B00C3C137 /* Feed.storyboard */; };
		58E80BAA29C0C42000C3C137 /* FeedViewController.swift in Sources */ = {isa = PBXBuildFile; fileRef = 58E80BA929C0C42000C3C137 /* FeedViewController.swift */; };
		58E80BAD29C0D00800C3C137 /* SideMenu in Frameworks */ = {isa = PBXBuildFile; productRef = 58E80BAC29C0D00800C3C137 /* SideMenu */; };
/* End PBXBuildFile section */

/* Begin PBXFileReference section */
		589428D329C0D0980009ADC0 /* MenuViewController.swift */ = {isa = PBXFileReference; lastKnownFileType = sourcecode.swift; path = MenuViewController.swift; sourceTree = "<group>"; };
		58E80B7229C097AC00C3C137 /* extranar.app */ = {isa = PBXFileReference; explicitFileType = wrapper.application; includeInIndex = 0; path = extranar.app; sourceTree = BUILT_PRODUCTS_DIR; };
		58E80B7529C097AC00C3C137 /* AppDelegate.swift */ = {isa = PBXFileReference; lastKnownFileType = sourcecode.swift; path = AppDelegate.swift; sourceTree = "<group>"; };
		58E80B7729C097AC00C3C137 /* SceneDelegate.swift */ = {isa = PBXFileReference; lastKnownFileType = sourcecode.swift; path = SceneDelegate.swift; sourceTree = "<group>"; };
		58E80B7929C097AC00C3C137 /* ViewController.swift */ = {isa = PBXFileReference; lastKnownFileType = sourcecode.swift; path = ViewController.swift; sourceTree = "<group>"; };
		58E80B7C29C097AC00C3C137 /* Base */ = {isa = PBXFileReference; lastKnownFileType = file.storyboard; name = Base; path = Base.lproj/Main.storyboard; sourceTree = "<group>"; };
		58E80B7E29C097AE00C3C137 /* Assets.xcassets */ = {isa = PBXFileReference; lastKnownFileType = folder.assetcatalog; path = Assets.xcassets; sourceTree = "<group>"; };
		58E80B8129C097AE00C3C137 /* Base */ = {isa = PBXFileReference; lastKnownFileType = file.storyboard; name = Base; path = Base.lproj/LaunchScreen.storyboard; sourceTree = "<group>"; };
		58E80B8329C097AE00C3C137 /* Info.plist */ = {isa = PBXFileReference; lastKnownFileType = text.plist.xml; path = Info.plist; sourceTree = "<group>"; };
		58E80B9529C0AF0300C3C137 /* RegisterViewController.swift */ = {isa = PBXFileReference; lastKnownFileType = sourcecode.swift; path = RegisterViewController.swift; sourceTree = "<group>"; };
		58E80B9729C0B03000C3C137 /* Extensions.swift */ = {isa = PBXFileReference; lastKnownFileType = sourcecode.swift; path = Extensions.swift; sourceTree = "<group>"; };
		58E80B9E29C0B43300C3C137 /* DatabaseManager.swift */ = {isa = PBXFileReference; lastKnownFileType = sourcecode.swift; path = DatabaseManager.swift; sourceTree = "<group>"; };
		58E80BA529C0BCB500C3C137 /* GoogleService-Info.plist */ = {isa = PBXFileReference; fileEncoding = 4; lastKnownFileType = text.plist.xml; path = "GoogleService-Info.plist"; sourceTree = "<group>"; };
		58E80BA729C0C27B00C3C137 /* Feed.storyboard */ = {isa = PBXFileReference; lastKnownFileType = file.storyboard; path = Feed.storyboard; sourceTree = "<group>"; };
		58E80BA929C0C42000C3C137 /* FeedViewController.swift */ = {isa = PBXFileReference; lastKnownFileType = sourcecode.swift; path = FeedViewController.swift; sourceTree = "<group>"; };
/* End PBXFileReference section */

/* Begin PBXFrameworksBuildPhase section */
		58E80B6F29C097AC00C3C137 /* Frameworks */ = {
			isa = PBXFrameworksBuildPhase;
			buildActionMask = 2147483647;
			files = (
				58E80BA429C0B94900C3C137 /* FirebaseDatabaseSwift in Frameworks */,
				58E80BA229C0B94900C3C137 /* FirebaseDatabase in Frameworks */,
				58E80B9D29C0B38100C3C137 /* JGProgressHUD in Frameworks */,
				58E80BAD29C0D00800C3C137 /* SideMenu in Frameworks */,
				58E80B9229C0AD4600C3C137 /* FirebaseAuth in Frameworks */,
			);
			runOnlyForDeploymentPostprocessing = 0;
		};
/* End PBXFrameworksBuildPhase section */

/* Begin PBXGroup section */
		58E80B6929C097AC00C3C137 = {
			isa = PBXGroup;
			children = (
				58E80B7429C097AC00C3C137 /* extranar */,
				58E80B7329C097AC00C3C137 /* Products */,
			);
			sourceTree = "<group>";
		};
		58E80B7329C097AC00C3C137 /* Products */ = {
			isa = PBXGroup;
			children = (
				58E80B7229C097AC00C3C137 /* extranar.app */,
			);
			name = Products;
			sourceTree = "<group>";
		};
		58E80B7429C097AC00C3C137 /* extranar */ = {
			isa = PBXGroup;
			children = (
				58E80B8E29C0AAB700C3C137 /* Products */,
				58E80B8D29C0AAA500C3C137 /* Controllers */,
				58E80B8C29C0AA9E00C3C137 /* Views */,
				58E80B8B29C0AA9200C3C137 /* ViewModels */,
				58E80B8A29C0AA8600C3C137 /* Resources */,
				58E80B8929C0AA6700C3C137 /* Model */,
				58E80B7E29C097AE00C3C137 /* Assets.xcassets */,
				58E80BA529C0BCB500C3C137 /* GoogleService-Info.plist */,
				58E80B8029C097AE00C3C137 /* LaunchScreen.storyboard */,
				58E80B8329C097AE00C3C137 /* Info.plist */,
			);
			path = extranar;
			sourceTree = "<group>";
		};
		58E80B8929C0AA6700C3C137 /* Model */ = {
			isa = PBXGroup;
			children = (
			);
			path = Model;
			sourceTree = "<group>";
		};
		58E80B8A29C0AA8600C3C137 /* Resources */ = {
			isa = PBXGroup;
			children = (
				58E80B7529C097AC00C3C137 /* AppDelegate.swift */,
				58E80B7729C097AC00C3C137 /* SceneDelegate.swift */,
				58E80B9729C0B03000C3C137 /* Extensions.swift */,
				58E80B9E29C0B43300C3C137 /* DatabaseManager.swift */,
			);
			path = Resources;
			sourceTree = "<group>";
		};
		58E80B8B29C0AA9200C3C137 /* ViewModels */ = {
			isa = PBXGroup;
			children = (
			);
			path = ViewModels;
			sourceTree = "<group>";
		};
		58E80B8C29C0AA9E00C3C137 /* Views */ = {
			isa = PBXGroup;
			children = (
				58E80B8F29C0AAE100C3C137 /* Storyboards */,
			);
			path = Views;
			sourceTree = "<group>";
		};
		58E80B8D29C0AAA500C3C137 /* Controllers */ = {
			isa = PBXGroup;
			children = (
				58E80B7929C097AC00C3C137 /* ViewController.swift */,
				58E80B9529C0AF0300C3C137 /* RegisterViewController.swift */,
				58E80BA929C0C42000C3C137 /* FeedViewController.swift */,
				589428D329C0D0980009ADC0 /* MenuViewController.swift */,
			);
			path = Controllers;
			sourceTree = "<group>";
		};
		58E80B8E29C0AAB700C3C137 /* Products */ = {
			isa = PBXGroup;
			children = (
			);
			path = Products;
			sourceTree = "<group>";
		};
		58E80B8F29C0AAE100C3C137 /* Storyboards */ = {
			isa = PBXGroup;
			children = (
				58E80B7B29C097AC00C3C137 /* Main.storyboard */,
				58E80BA729C0C27B00C3C137 /* Feed.storyboard */,
			);
			path = Storyboards;
			sourceTree = "<group>";
		};
/* End PBXGroup section */

/* Begin PBXNativeTarget section */
		58E80B7129C097AC00C3C137 /* extranar */ = {
			isa = PBXNativeTarget;
			buildConfigurationList = 58E80B8629C097AE00C3C137 /* Build configuration list for PBXNativeTarget "extranar" */;
			buildPhases = (
				58E80B6E29C097AC00C3C137 /* Sources */,
				58E80B6F29C097AC00C3C137 /* Frameworks */,
				58E80B7029C097AC00C3C137 /* Resources */,
			);
			buildRules = (
			);
			dependencies = (
			);
			name = extranar;
			packageProductDependencies = (
				58E80B9129C0AD4600C3C137 /* FirebaseAuth */,
				58E80B9C29C0B38100C3C137 /* JGProgressHUD */,
				58E80BA129C0B94900C3C137 /* FirebaseDatabase */,
				58E80BA329C0B94900C3C137 /* FirebaseDatabaseSwift */,
				58E80BAC29C0D00800C3C137 /* SideMenu */,
			);
			productName = extranar;
			productReference = 58E80B7229C097AC00C3C137 /* extranar.app */;
			productType = "com.apple.product-type.application";
		};
/* End PBXNativeTarget section */

/* Begin PBXProject section */
		58E80B6A29C097AC00C3C137 /* Project object */ = {
			isa = PBXProject;
			attributes = {
				BuildIndependentTargetsInParallel = 1;
				LastSwiftUpdateCheck = 1340;
				LastUpgradeCheck = 1340;
				TargetAttributes = {
					58E80B7129C097AC00C3C137 = {
						CreatedOnToolsVersion = 13.4.1;
					};
				};
			};
			buildConfigurationList = 58E80B6D29C097AC00C3C137 /* Build configuration list for PBXProject "extranar" */;
			compatibilityVersion = "Xcode 13.0";
			developmentRegion = en;
			hasScannedForEncodings = 0;
			knownRegions = (
				en,
				Base,
			);
			mainGroup = 58E80B6929C097AC00C3C137;
			packageReferences = (
				58E80B9029C0AD4600C3C137 /* XCRemoteSwiftPackageReference "firebase-ios-sdk" */,
				58E80B9B29C0B38100C3C137 /* XCRemoteSwiftPackageReference "JGProgressHUD" */,
				58E80BA029C0B94900C3C137 /* XCRemoteSwiftPackageReference "firebase-ios-sdk" */,
				58E80BAB29C0D00700C3C137 /* XCRemoteSwiftPackageReference "SideMenu" */,
			);
			productRefGroup = 58E80B7329C097AC00C3C137 /* Products */;
			projectDirPath = "";
			projectRoot = "";
			targets = (
				58E80B7129C097AC00C3C137 /* extranar */,
			);
		};
/* End PBXProject section */

/* Begin PBXResourcesBuildPhase section */
		58E80B7029C097AC00C3C137 /* Resources */ = {
			isa = PBXResourcesBuildPhase;
			buildActionMask = 2147483647;
			files = (
				58E80BA829C0C27B00C3C137 /* Feed.storyboard in Resources */,
				58E80B8229C097AE00C3C137 /* LaunchScreen.storyboard in Resources */,
				58E80BA629C0BCB500C3C137 /* GoogleService-Info.plist in Resources */,
				58E80B7F29C097AE00C3C137 /* Assets.xcassets in Resources */,
				58E80B7D29C097AC00C3C137 /* Main.storyboard in Resources */,
			);
			runOnlyForDeploymentPostprocessing = 0;
		};
/* End PBXResourcesBuildPhase section */

/* Begin PBXSourcesBuildPhase section */
		58E80B6E29C097AC00C3C137 /* Sources */ = {
			isa = PBXSourcesBuildPhase;
			buildActionMask = 2147483647;
			files = (
				58E80B9829C0B03000C3C137 /* Extensions.swift in Sources */,
				58E80B7A29C097AC00C3C137 /* ViewController.swift in Sources */,
				58E80B9F29C0B43300C3C137 /* DatabaseManager.swift in Sources */,
				58E80B7629C097AC00C3C137 /* AppDelegate.swift in Sources */,
				58E80B7829C097AC00C3C137 /* SceneDelegate.swift in Sources */,
				58E80B9629C0AF0300C3C137 /* RegisterViewController.swift in Sources */,
				58E80BAA29C0C42000C3C137 /* FeedViewController.swift in Sources */,
				589428D429C0D0980009ADC0 /* MenuViewController.swift in Sources */,
			);
			runOnlyForDeploymentPostprocessing = 0;
		};
/* End PBXSourcesBuildPhase section */

/* Begin PBXVariantGroup section */
		58E80B7B29C097AC00C3C137 /* Main.storyboard */ = {
			isa = PBXVariantGroup;
			children = (
				58E80B7C29C097AC00C3C137 /* Base */,
			);
			name = Main.storyboard;
			sourceTree = "<group>";
		};
		58E80B8029C097AE00C3C137 /* LaunchScreen.storyboard */ = {
			isa = PBXVariantGroup;
			children = (
				58E80B8129C097AE00C3C137 /* Base */,
			);
			name = LaunchScreen.storyboard;
			sourceTree = "<group>";
		};
/* End PBXVariantGroup section */

/* Begin XCBuildConfiguration section */
		58E80B8429C097AE00C3C137 /* Debug */ = {
			isa = XCBuildConfiguration;
			buildSettings = {
				ALWAYS_SEARCH_USER_PATHS = NO;
				CLANG_ANALYZER_NONNULL = YES;
				CLANG_ANALYZER_NUMBER_OBJECT_CONVERSION = YES_AGGRESSIVE;
				CLANG_CXX_LANGUAGE_STANDARD = "gnu++17";
				CLANG_ENABLE_MODULES = YES;
				CLANG_ENABLE_OBJC_ARC = YES;
				CLANG_ENABLE_OBJC_WEAK = YES;
				CLANG_WARN_BLOCK_CAPTURE_AUTORELEASING = YES;
				CLANG_WARN_BOOL_CONVERSION = YES;
				CLANG_WARN_COMMA = YES;
				CLANG_WARN_CONSTANT_CONVERSION = YES;
				CLANG_WARN_DEPRECATED_OBJC_IMPLEMENTATIONS = YES;
				CLANG_WARN_DIRECT_OBJC_ISA_USAGE = YES_ERROR;
				CLANG_WARN_DOCUMENTATION_COMMENTS = YES;
				CLANG_WARN_EMPTY_BODY = YES;
				CLANG_WARN_ENUM_CONVERSION = YES;
				CLANG_WARN_INFINITE_RECURSION = YES;
				CLANG_WARN_INT_CONVERSION = YES;
				CLANG_WARN_NON_LITERAL_NULL_CONVERSION = YES;
				CLANG_WARN_OBJC_IMPLICIT_RETAIN_SELF = YES;
				CLANG_WARN_OBJC_LITERAL_CONVERSION = YES;
				CLANG_WARN_OBJC_ROOT_CLASS = YES_ERROR;
				CLANG_WARN_QUOTED_INCLUDE_IN_FRAMEWORK_HEADER = YES;
				CLANG_WARN_RANGE_LOOP_ANALYSIS = YES;
				CLANG_WARN_STRICT_PROTOTYPES = YES;
				CLANG_WARN_SUSPICIOUS_MOVE = YES;
				CLANG_WARN_UNGUARDED_AVAILABILITY = YES_AGGRESSIVE;
				CLANG_WARN_UNREACHABLE_CODE = YES;
				CLANG_WARN__DUPLICATE_METHOD_MATCH = YES;
				COPY_PHASE_STRIP = NO;
				DEBUG_INFORMATION_FORMAT = dwarf;
				ENABLE_STRICT_OBJC_MSGSEND = YES;
				ENABLE_TESTABILITY = YES;
				GCC_C_LANGUAGE_STANDARD = gnu11;
				GCC_DYNAMIC_NO_PIC = NO;
				GCC_NO_COMMON_BLOCKS = YES;
				GCC_OPTIMIZATION_LEVEL = 0;
				GCC_PREPROCESSOR_DEFINITIONS = (
					"DEBUG=1",
					"$(inherited)",
				);
				GCC_WARN_64_TO_32_BIT_CONVERSION = YES;
				GCC_WARN_ABOUT_RETURN_TYPE = YES_ERROR;
				GCC_WARN_UNDECLARED_SELECTOR = YES;
				GCC_WARN_UNINITIALIZED_AUTOS = YES_AGGRESSIVE;
				GCC_WARN_UNUSED_FUNCTION = YES;
				GCC_WARN_UNUSED_VARIABLE = YES;
				IPHONEOS_DEPLOYMENT_TARGET = 15.5;
				MTL_ENABLE_DEBUG_INFO = INCLUDE_SOURCE;
				MTL_FAST_MATH = YES;
				ONLY_ACTIVE_ARCH = YES;
				SDKROOT = iphoneos;
				SWIFT_ACTIVE_COMPILATION_CONDITIONS = DEBUG;
				SWIFT_OPTIMIZATION_LEVEL = "-Onone";
			};
			name = Debug;
		};
		58E80B8529C097AE00C3C137 /* Release */ = {
			isa = XCBuildConfiguration;
			buildSettings = {
				ALWAYS_SEARCH_USER_PATHS = NO;
				CLANG_ANALYZER_NONNULL = YES;
				CLANG_ANALYZER_NUMBER_OBJECT_CONVERSION = YES_AGGRESSIVE;
				CLANG_CXX_LANGUAGE_STANDARD = "gnu++17";
				CLANG_ENABLE_MODULES = YES;
				CLANG_ENABLE_OBJC_ARC = YES;
				CLANG_ENABLE_OBJC_WEAK = YES;
				CLANG_WARN_BLOCK_CAPTURE_AUTORELEASING = YES;
				CLANG_WARN_BOOL_CONVERSION = YES;
				CLANG_WARN_COMMA = YES;
				CLANG_WARN_CONSTANT_CONVERSION = YES;
				CLANG_WARN_DEPRECATED_OBJC_IMPLEMENTATIONS = YES;
				CLANG_WARN_DIRECT_OBJC_ISA_USAGE = YES_ERROR;
				CLANG_WARN_DOCUMENTATION_COMMENTS = YES;
				CLANG_WARN_EMPTY_BODY = YES;
				CLANG_WARN_ENUM_CONVERSION = YES;
				CLANG_WARN_INFINITE_RECURSION = YES;
				CLANG_WARN_INT_CONVERSION = YES;
				CLANG_WARN_NON_LITERAL_NULL_CONVERSION = YES;
				CLANG_WARN_OBJC_IMPLICIT_RETAIN_SELF = YES;
				CLANG_WARN_OBJC_LITERAL_CONVERSION = YES;
				CLANG_WARN_OBJC_ROOT_CLASS = YES_ERROR;
				CLANG_WARN_QUOTED_INCLUDE_IN_FRAMEWORK_HEADER = YES;
				CLANG_WARN_RANGE_LOOP_ANALYSIS = YES;
				CLANG_WARN_STRICT_PROTOTYPES = YES;
				CLANG_WARN_SUSPICIOUS_MOVE = YES;
				CLANG_WARN_UNGUARDED_AVAILABILITY = YES_AGGRESSIVE;
				CLANG_WARN_UNREACHABLE_CODE = YES;
				CLANG_WARN__DUPLICATE_METHOD_MATCH = YES;
				COPY_PHASE_STRIP = NO;
				DEBUG_INFORMATION_FORMAT = "dwarf-with-dsym";
				ENABLE_NS_ASSERTIONS = NO;
				ENABLE_STRICT_OBJC_MSGSEND = YES;
				GCC_C_LANGUAGE_STANDARD = gnu11;
				GCC_NO_COMMON_BLOCKS = YES;
				GCC_WARN_64_TO_32_BIT_CONVERSION = YES;
				GCC_WARN_ABOUT_RETURN_TYPE = YES_ERROR;
				GCC_WARN_UNDECLARED_SELECTOR = YES;
				GCC_WARN_UNINITIALIZED_AUTOS = YES_AGGRESSIVE;
				GCC_WARN_UNUSED_FUNCTION = YES;
				GCC_WARN_UNUSED_VARIABLE = YES;
				IPHONEOS_DEPLOYMENT_TARGET = 15.5;
				MTL_ENABLE_DEBUG_INFO = NO;
				MTL_FAST_MATH = YES;
				SDKROOT = iphoneos;
				SWIFT_COMPILATION_MODE = wholemodule;
				SWIFT_OPTIMIZATION_LEVEL = "-O";
				VALIDATE_PRODUCT = YES;
			};
			name = Release;
		};
		58E80B8729C097AE00C3C137 /* Debug */ = {
			isa = XCBuildConfiguration;
			buildSettings = {
				ASSETCATALOG_COMPILER_APPICON_NAME = AppIcon;
				ASSETCATALOG_COMPILER_GLOBAL_ACCENT_COLOR_NAME = AccentColor;
				CODE_SIGN_STYLE = Automatic;
				CURRENT_PROJECT_VERSION = 1;
				DEVELOPMENT_TEAM = A7X427YJGK;
				GENERATE_INFOPLIST_FILE = YES;
				INFOPLIST_FILE = extranar/Info.plist;
				INFOPLIST_KEY_UIApplicationSupportsIndirectInputEvents = YES;
				INFOPLIST_KEY_UILaunchStoryboardName = LaunchScreen;
				INFOPLIST_KEY_UIMainStoryboardFile = Main;
				INFOPLIST_KEY_UISupportedInterfaceOrientations_iPad = "UIInterfaceOrientationPortrait UIInterfaceOrientationPortraitUpsideDown UIInterfaceOrientationLandscapeLeft UIInterfaceOrientationLandscapeRight";
				INFOPLIST_KEY_UISupportedInterfaceOrientations_iPhone = "UIInterfaceOrientationPortrait UIInterfaceOrientationLandscapeLeft UIInterfaceOrientationLandscapeRight";
				LD_RUNPATH_SEARCH_PATHS = (
					"$(inherited)",
					"@executable_path/Frameworks",
				);
				MARKETING_VERSION = 1.0;
				PRODUCT_BUNDLE_IDENTIFIER = "-.extranar";
				PRODUCT_NAME = "$(TARGET_NAME)";
				SWIFT_EMIT_LOC_STRINGS = YES;
				SWIFT_VERSION = 5.0;
				TARGETED_DEVICE_FAMILY = "1,2";
			};
			name = Debug;
		};
		58E80B8829C097AE00C3C137 /* Release */ = {
			isa = XCBuildConfiguration;
			buildSettings = {
				ASSETCATALOG_COMPILER_APPICON_NAME = AppIcon;
				ASSETCATALOG_COMPILER_GLOBAL_ACCENT_COLOR_NAME = AccentColor;
				CODE_SIGN_STYLE = Automatic;
				CURRENT_PROJECT_VERSION = 1;
				DEVELOPMENT_TEAM = A7X427YJGK;
				GENERATE_INFOPLIST_FILE = YES;
				INFOPLIST_FILE = extranar/Info.plist;
				INFOPLIST_KEY_UIApplicationSupportsIndirectInputEvents = YES;
				INFOPLIST_KEY_UILaunchStoryboardName = LaunchScreen;
				INFOPLIST_KEY_UIMainStoryboardFile = Main;
				INFOPLIST_KEY_UISupportedInterfaceOrientations_iPad = "UIInterfaceOrientationPortrait UIInterfaceOrientationPortraitUpsideDown UIInterfaceOrientationLandscapeLeft UIInterfaceOrientationLandscapeRight";
				INFOPLIST_KEY_UISupportedInterfaceOrientations_iPhone = "UIInterfaceOrientationPortrait UIInterfaceOrientationLandscapeLeft UIInterfaceOrientationLandscapeRight";
				LD_RUNPATH_SEARCH_PATHS = (
					"$(inherited)",
					"@executable_path/Frameworks",
				);
				MARKETING_VERSION = 1.0;
				PRODUCT_BUNDLE_IDENTIFIER = "-.extranar";
				PRODUCT_NAME = "$(TARGET_NAME)";
				SWIFT_EMIT_LOC_STRINGS = YES;
				SWIFT_VERSION = 5.0;
				TARGETED_DEVICE_FAMILY = "1,2";
			};
			name = Release;
		};
/* End XCBuildConfiguration section */

/* Begin XCConfigurationList section */
		58E80B6D29C097AC00C3C137 /* Build configuration list for PBXProject "extranar" */ = {
			isa = XCConfigurationList;
			buildConfigurations = (
				58E80B8429C097AE00C3C137 /* Debug */,
				58E80B8529C097AE00C3C137 /* Release */,
			);
			defaultConfigurationIsVisible = 0;
			defaultConfigurationName = Release;
		};
		58E80B8629C097AE00C3C137 /* Build configuration list for PBXNativeTarget "extranar" */ = {
			isa = XCConfigurationList;
			buildConfigurations = (
				58E80B8729C097AE00C3C137 /* Debug */,
				58E80B8829C097AE00C3C137 /* Release */,
			);
			defaultConfigurationIsVisible = 0;
			defaultConfigurationName = Release;
		};
/* End XCConfigurationList section */

/* Begin XCRemoteSwiftPackageReference section */
		58E80B9029C0AD4600C3C137 /* XCRemoteSwiftPackageReference "firebase-ios-sdk" */ = {
			isa = XCRemoteSwiftPackageReference;
			repositoryURL = "https://github.com/firebase/firebase-ios-sdk";
			requirement = {
				branch = master;
				kind = branch;
			};
		};
		58E80B9B29C0B38100C3C137 /* XCRemoteSwiftPackageReference "JGProgressHUD" */ = {
			isa = XCRemoteSwiftPackageReference;
			repositoryURL = "https://github.com/JonasGessner/JGProgressHUD";
			requirement = {
				branch = master;
				kind = branch;
			};
		};
		58E80BA029C0B94900C3C137 /* XCRemoteSwiftPackageReference "firebase-ios-sdk" */ = {
			isa = XCRemoteSwiftPackageReference;
			repositoryURL = "https://github.com/firebase/firebase-ios-sdk";
			requirement = {
				kind = upToNextMajorVersion;
				minimumVersion = 9.0.0;
			};
		};
		58E80BAB29C0D00700C3C137 /* XCRemoteSwiftPackageReference "SideMenu" */ = {
			isa = XCRemoteSwiftPackageReference;
			repositoryURL = "https://github.com/jonkykong/SideMenu.git";
			requirement = {
				branch = master;
				kind = branch;
			};
		};
/* End XCRemoteSwiftPackageReference section */

/* Begin XCSwiftPackageProductDependency section */
		58E80B9129C0AD4600C3C137 /* FirebaseAuth */ = {
			isa = XCSwiftPackageProductDependency;
			package = 58E80B9029C0AD4600C3C137 /* XCRemoteSwiftPackageReference "firebase-ios-sdk" */;
			productName = FirebaseAuth;
		};
		58E80B9C29C0B38100C3C137 /* JGProgressHUD */ = {
			isa = XCSwiftPackageProductDependency;
			package = 58E80B9B29C0B38100C3C137 /* XCRemoteSwiftPackageReference "JGProgressHUD" */;
			productName = JGProgressHUD;
		};
		58E80BA129C0B94900C3C137 /* FirebaseDatabase */ = {
			isa = XCSwiftPackageProductDependency;
			package = 58E80BA029C0B94900C3C137 /* XCRemoteSwiftPackageReference "firebase-ios-sdk" */;
			productName = FirebaseDatabase;
		};
		58E80BA329C0B94900C3C137 /* FirebaseDatabaseSwift */ = {
			isa = XCSwiftPackageProductDependency;
			package = 58E80BA029C0B94900C3C137 /* XCRemoteSwiftPackageReference "firebase-ios-sdk" */;
			productName = FirebaseDatabaseSwift;
		};
		58E80BAC29C0D00800C3C137 /* SideMenu */ = {
			isa = XCSwiftPackageProductDependency;
			package = 58E80BAB29C0D00700C3C137 /* XCRemoteSwiftPackageReference "SideMenu" */;
			productName = SideMenu;
		};
/* End XCSwiftPackageProductDependency section */
	};
	rootObject = 58E80B6A29C097AC00C3C137 /* Project object */;
}
